// !$*UTF8*$!
{
	archiveVersion = 1;
	classes = {
	};
	objectVersion = 46;
	objects = {

/* Begin PBXBuildFile section */
		041CC1FF1DF0B93C002F8EFE /* Employee.swift in Sources */ = {isa = PBXBuildFile; fileRef = 041CC1FA1DF0B93C002F8EFE /* Employee.swift */; };
		041CC2001DF0B93C002F8EFE /* FullTime.swift in Sources */ = {isa = PBXBuildFile; fileRef = 041CC1FB1DF0B93C002F8EFE /* FullTime.swift */; };
		041CC2011DF0B93C002F8EFE /* PartTime.swift in Sources */ = {isa = PBXBuildFile; fileRef = 041CC1FC1DF0B93C002F8EFE /* PartTime.swift */; };
		041CC2021DF0B93C002F8EFE /* Intern.swift in Sources */ = {isa = PBXBuildFile; fileRef = 041CC1FD1DF0B93C002F8EFE /* Intern.swift */; };
		041CC2031DF0B93C002F8EFE /* Vehicle.swift in Sources */ = {isa = PBXBuildFile; fileRef = 041CC1FE1DF0B93C002F8EFE /* Vehicle.swift */; };
		041CC2051DF0B98A002F8EFE /* IDisplayable.swift in Sources */ = {isa = PBXBuildFile; fileRef = 041CC2041DF0B98A002F8EFE /* IDisplayable.swift */; };
		041CC2081DF0E167002F8EFE /* EmployeeListController.swift in Sources */ = {isa = PBXBuildFile; fileRef = 041CC2061DF0E167002F8EFE /* EmployeeListController.swift */; };
		041CC2091DF0E167002F8EFE /* EmployeeListCell.swift in Sources */ = {isa = PBXBuildFile; fileRef = 041CC2071DF0E167002F8EFE /* EmployeeListCell.swift */; };
		04A449B61E00E4FD004D24E7 /* InfoListViewController.swift in Sources */ = {isa = PBXBuildFile; fileRef = 04A449B51E00E4FD004D24E7 /* InfoListViewController.swift */; };
		04ACA8511DF065280082E70A /* AppDelegate.swift in Sources */ = {isa = PBXBuildFile; fileRef = 04ACA8501DF065280082E70A /* AppDelegate.swift */; };
		04ACA8531DF065280082E70A /* ViewController.swift in Sources */ = {isa = PBXBuildFile; fileRef = 04ACA8521DF065280082E70A /* ViewController.swift */; };
		04ACA8561DF065280082E70A /* Main.storyboard in Resources */ = {isa = PBXBuildFile; fileRef = 04ACA8541DF065280082E70A /* Main.storyboard */; };
		04ACA8581DF065280082E70A /* Assets.xcassets in Resources */ = {isa = PBXBuildFile; fileRef = 04ACA8571DF065280082E70A /* Assets.xcassets */; };
		04ACA85B1DF065280082E70A /* LaunchScreen.storyboard in Resources */ = {isa = PBXBuildFile; fileRef = 04ACA8591DF065280082E70A /* LaunchScreen.storyboard */; };
		04ACA8631DF0B21A0082E70A /* CountryPickerDialog.swift in Sources */ = {isa = PBXBuildFile; fileRef = 04ACA8621DF0B21A0082E70A /* CountryPickerDialog.swift */; };
		04ACA8651DF0B2220082E70A /* DOBPickerDialog.swift in Sources */ = {isa = PBXBuildFile; fileRef = 04ACA8641DF0B2220082E70A /* DOBPickerDialog.swift */; };
		04ACA8671DF0B6680082E70A /* Country.plist in Resources */ = {isa = PBXBuildFile; fileRef = 04ACA8661DF0B6680082E70A /* Country.plist */; };
/* End PBXBuildFile section */

/* Begin PBXFileReference section */
		041CC1FA1DF0B93C002F8EFE /* Employee.swift */ = {isa = PBXFileReference; fileEncoding = 4; lastKnownFileType = sourcecode.swift; path = Employee.swift; sourceTree = "<group>"; };
		041CC1FB1DF0B93C002F8EFE /* FullTime.swift */ = {isa = PBXFileReference; fileEncoding = 4; lastKnownFileType = sourcecode.swift; path = FullTime.swift; sourceTree = "<group>"; };
		041CC1FC1DF0B93C002F8EFE /* PartTime.swift */ = {isa = PBXFileReference; fileEncoding = 4; lastKnownFileType = sourcecode.swift; path = PartTime.swift; sourceTree = "<group>"; };
		041CC1FD1DF0B93C002F8EFE /* Intern.swift */ = {isa = PBXFileReference; fileEncoding = 4; lastKnownFileType = sourcecode.swift; path = Intern.swift; sourceTree = "<group>"; };
		041CC1FE1DF0B93C002F8EFE /* Vehicle.swift */ = {isa = PBXFileReference; fileEncoding = 4; lastKnownFileType = sourcecode.swift; path = Vehicle.swift; sourceTree = "<group>"; };
		041CC2041DF0B98A002F8EFE /* IDisplayable.swift */ = {isa = PBXFileReference; fileEncoding = 4; lastKnownFileType = sourcecode.swift; path = IDisplayable.swift; sourceTree = "<group>"; };
		041CC2061DF0E167002F8EFE /* EmployeeListController.swift */ = {isa = PBXFileReference; fileEncoding = 4; lastKnownFileType = sourcecode.swift; path = EmployeeListController.swift; sourceTree = "<group>"; };
		041CC2071DF0E167002F8EFE /* EmployeeListCell.swift */ = {isa = PBXFileReference; fileEncoding = 4; lastKnownFileType = sourcecode.swift; path = EmployeeListCell.swift; sourceTree = "<group>"; };
		04A449B51E00E4FD004D24E7 /* InfoListViewController.swift */ = {isa = PBXFileReference; fileEncoding = 4; lastKnownFileType = sourcecode.swift; path = InfoListViewController.swift; sourceTree = "<group>"; };
		04ACA84D1DF065280082E70A /* HRSysIOSApp.app */ = {isa = PBXFileReference; explicitFileType = wrapper.application; includeInIndex = 0; path = HRSysIOSApp.app; sourceTree = BUILT_PRODUCTS_DIR; };
		04ACA8501DF065280082E70A /* AppDelegate.swift */ = {isa = PBXFileReference; lastKnownFileType = sourcecode.swift; path = AppDelegate.swift; sourceTree = "<group>"; };
		04ACA8521DF065280082E70A /* ViewController.swift */ = {isa = PBXFileReference; lastKnownFileType = sourcecode.swift; path = ViewController.swift; sourceTree = "<group>"; };
		04ACA8551DF065280082E70A /* Base */ = {isa = PBXFileReference; lastKnownFileType = file.storyboard; name = Base; path = Base.lproj/Main.storyboard; sourceTree = "<group>"; };
		04ACA8571DF065280082E70A /* Assets.xcassets */ = {isa = PBXFileReference; lastKnownFileType = folder.assetcatalog; path = Assets.xcassets; sourceTree = "<group>"; };
		04ACA85A1DF065280082E70A /* Base */ = {isa = PBXFileReference; lastKnownFileType = file.storyboard; name = Base; path = Base.lproj/LaunchScreen.storyboard; sourceTree = "<group>"; };
		04ACA85C1DF065280082E70A /* Info.plist */ = {isa = PBXFileReference; lastKnownFileType = text.plist.xml; path = Info.plist; sourceTree = "<group>"; };
		04ACA8621DF0B21A0082E70A /* CountryPickerDialog.swift */ = {isa = PBXFileReference; fileEncoding = 4; lastKnownFileType = sourcecode.swift; path = CountryPickerDialog.swift; sourceTree = "<group>"; };
		04ACA8641DF0B2220082E70A /* DOBPickerDialog.swift */ = {isa = PBXFileReference; fileEncoding = 4; lastKnownFileType = sourcecode.swift; path = DOBPickerDialog.swift; sourceTree = "<group>"; };
		04ACA8661DF0B6680082E70A /* Country.plist */ = {isa = PBXFileReference; fileEncoding = 4; lastKnownFileType = text.plist.xml; path = Country.plist; sourceTree = "<group>"; };
/* End PBXFileReference section */

/* Begin PBXFrameworksBuildPhase section */
		04ACA84A1DF065280082E70A /* Frameworks */ = {
			isa = PBXFrameworksBuildPhase;
			buildActionMask = 2147483647;
			files = (
			);
			runOnlyForDeploymentPostprocessing = 0;
		};
/* End PBXFrameworksBuildPhase section */

/* Begin PBXGroup section */
		04ACA8441DF065280082E70A = {
			isa = PBXGroup;
			children = (
				04ACA84F1DF065280082E70A /* HRSysIOSApp */,
				04ACA84E1DF065280082E70A /* Products */,
			);
			sourceTree = "<group>";
		};
		04ACA84E1DF065280082E70A /* Products */ = {
			isa = PBXGroup;
			children = (
				04ACA84D1DF065280082E70A /* HRSysIOSApp.app */,
			);
			name = Products;
			sourceTree = "<group>";
		};
		04ACA84F1DF065280082E70A /* HRSysIOSApp */ = {
			isa = PBXGroup;
			children = (
				04ACA8661DF0B6680082E70A /* Country.plist */,
				041CC2041DF0B98A002F8EFE /* IDisplayable.swift */,
				041CC1FA1DF0B93C002F8EFE /* Employee.swift */,
				041CC1FB1DF0B93C002F8EFE /* FullTime.swift */,
				041CC1FC1DF0B93C002F8EFE /* PartTime.swift */,
				041CC1FD1DF0B93C002F8EFE /* Intern.swift */,
				041CC1FE1DF0B93C002F8EFE /* Vehicle.swift */,
				04ACA8641DF0B2220082E70A /* DOBPickerDialog.swift */,
				04ACA8621DF0B21A0082E70A /* CountryPickerDialog.swift */,
				04ACA8501DF065280082E70A /* AppDelegate.swift */,
				04ACA8521DF065280082E70A /* ViewController.swift */,
				041CC2061DF0E167002F8EFE /* EmployeeListController.swift */,
				041CC2071DF0E167002F8EFE /* EmployeeListCell.swift */,
				04A449B51E00E4FD004D24E7 /* InfoListViewController.swift */,
				04ACA8541DF065280082E70A /* Main.storyboard */,
				04ACA8571DF065280082E70A /* Assets.xcassets */,
				04ACA8591DF065280082E70A /* LaunchScreen.storyboard */,
				04ACA85C1DF065280082E70A /* Info.plist */,
			);
			path = HRSysIOSApp;
			sourceTree = "<group>";
		};
/* End PBXGroup section */

/* Begin PBXNativeTarget section */
		04ACA84C1DF065280082E70A /* HRSysIOSApp */ = {
			isa = PBXNativeTarget;
			buildConfigurationList = 04ACA85F1DF065280082E70A /* Build configuration list for PBXNativeTarget "HRSysIOSApp" */;
			buildPhases = (
				04ACA8491DF065280082E70A /* Sources */,
				04ACA84A1DF065280082E70A /* Frameworks */,
				04ACA84B1DF065280082E70A /* Resources */,
			);
			buildRules = (
			);
			dependencies = (
			);
			name = HRSysIOSApp;
			productName = HRSysIOSApp;
			productReference = 04ACA84D1DF065280082E70A /* HRSysIOSApp.app */;
			productType = "com.apple.product-type.application";
		};
/* End PBXNativeTarget section */

/* Begin PBXProject section */
		04ACA8451DF065280082E70A /* Project object */ = {
			isa = PBXProject;
			attributes = {
				LastSwiftUpdateCheck = 0810;
				LastUpgradeCheck = 0810;
				ORGANIZATIONNAME = hosung;
				TargetAttributes = {
					04ACA84C1DF065280082E70A = {
						CreatedOnToolsVersion = 8.1;
						DevelopmentTeam = 22S9Z5CYHR;
						ProvisioningStyle = Automatic;
					};
				};
			};
			buildConfigurationList = 04ACA8481DF065280082E70A /* Build configuration list for PBXProject "HRSysIOSApp" */;
			compatibilityVersion = "Xcode 3.2";
			developmentRegion = English;
			hasScannedForEncodings = 0;
			knownRegions = (
				en,
				Base,
			);
			mainGroup = 04ACA8441DF065280082E70A;
			productRefGroup = 04ACA84E1DF065280082E70A /* Products */;
			projectDirPath = "";
			projectRoot = "";
			targets = (
				04ACA84C1DF065280082E70A /* HRSysIOSApp */,
			);
		};
/* End PBXProject section */

/* Begin PBXResourcesBuildPhase section */
		04ACA84B1DF065280082E70A /* Resources */ = {
			isa = PBXResourcesBuildPhase;
			buildActionMask = 2147483647;
			files = (
				04ACA85B1DF065280082E70A /* LaunchScreen.storyboard in Resources */,
				04ACA8581DF065280082E70A /* Assets.xcassets in Resources */,
				04ACA8561DF065280082E70A /* Main.storyboard in Resources */,
				04ACA8671DF0B6680082E70A /* Country.plist in Resources */,
			);
			runOnlyForDeploymentPostprocessing = 0;
		};
/* End PBXResourcesBuildPhase section */

/* Begin PBXSourcesBuildPhase section */
		04ACA8491DF065280082E70A /* Sources */ = {
			isa = PBXSourcesBuildPhase;
			buildActionMask = 2147483647;
			files = (
				041CC2051DF0B98A002F8EFE /* IDisplayable.swift in Sources */,
				041CC2091DF0E167002F8EFE /* EmployeeListCell.swift in Sources */,
				041CC2031DF0B93C002F8EFE /* Vehicle.swift in Sources */,
				04ACA8531DF065280082E70A /* ViewController.swift in Sources */,
				041CC2081DF0E167002F8EFE /* EmployeeListController.swift in Sources */,
				04A449B61E00E4FD004D24E7 /* InfoListViewController.swift in Sources */,
				04ACA8631DF0B21A0082E70A /* CountryPickerDialog.swift in Sources */,
				04ACA8511DF065280082E70A /* AppDelegate.swift in Sources */,
				041CC2011DF0B93C002F8EFE /* PartTime.swift in Sources */,
				041CC2001DF0B93C002F8EFE /* FullTime.swift in Sources */,
				041CC1FF1DF0B93C002F8EFE /* Employee.swift in Sources */,
				04ACA8651DF0B2220082E70A /* DOBPickerDialog.swift in Sources */,
				041CC2021DF0B93C002F8EFE /* Intern.swift in Sources */,
			);
			runOnlyForDeploymentPostprocessing = 0;
		};
/* End PBXSourcesBuildPhase section */

/* Begin PBXVariantGroup section */
		04ACA8541DF065280082E70A /* Main.storyboard */ = {
			isa = PBXVariantGroup;
			children = (
				04ACA8551DF065280082E70A /* Base */,
			);
			name = Main.storyboard;
			sourceTree = "<group>";
		};
		04ACA8591DF065280082E70A /* LaunchScreen.storyboard */ = {
			isa = PBXVariantGroup;
			children = (
				04ACA85A1DF065280082E70A /* Base */,
			);
			name = LaunchScreen.storyboard;
			sourceTree = "<group>";
		};
/* End PBXVariantGroup section */

/* Begin XCBuildConfiguration section */
		04ACA85D1DF065280082E70A /* Debug */ = {
			isa = XCBuildConfiguration;
			buildSettings = {
				ALWAYS_SEARCH_USER_PATHS = NO;
				CLANG_ANALYZER_NONNULL = YES;
				CLANG_CXX_LANGUAGE_STANDARD = "gnu++0x";
				CLANG_CXX_LIBRARY = "libc++";
				CLANG_ENABLE_MODULES = YES;
				CLANG_ENABLE_OBJC_ARC = YES;
				CLANG_WARN_BOOL_CONVERSION = YES;
				CLANG_WARN_CONSTANT_CONVERSION = YES;
				CLANG_WARN_DIRECT_OBJC_ISA_USAGE = YES_ERROR;
				CLANG_WARN_DOCUMENTATION_COMMENTS = YES;
				CLANG_WARN_EMPTY_BODY = YES;
				CLANG_WARN_ENUM_CONVERSION = YES;
				CLANG_WARN_INFINITE_RECURSION = YES;
				CLANG_WARN_INT_CONVERSION = YES;
				CLANG_WARN_OBJC_ROOT_CLASS = YES_ERROR;
				CLANG_WARN_SUSPICIOUS_MOVES = YES;
				CLANG_WARN_UNREACHABLE_CODE = YES;
				CLANG_WARN__DUPLICATE_METHOD_MATCH = YES;
				"CODE_SIGN_IDENTITY[sdk=iphoneos*]" = "iPhone Developer";
				COPY_PHASE_STRIP = NO;
				DEBUG_INFORMATION_FORMAT = dwarf;
				ENABLE_STRICT_OBJC_MSGSEND = YES;
				ENABLE_TESTABILITY = YES;
				GCC_C_LANGUAGE_STANDARD = gnu99;
				GCC_DYNAMIC_NO_PIC = NO;
				GCC_NO_COMMON_BLOCKS = YES;
				GCC_OPTIMIZATION_LEVEL = 0;
				GCC_PREPROCESSOR_DEFINITIONS = (
					"DEBUG=1",
					"$(inherited)",
				);
				GCC_WARN_64_TO_32_BIT_CONVERSION = YES;
				GCC_WARN_ABOUT_RETURN_TYPE = YES_ERROR;
				GCC_WARN_UNDECLARED_SELECTOR = YES;
				GCC_WARN_UNINITIALIZED_AUTOS = YES_AGGRESSIVE;
				GCC_WARN_UNUSED_FUNCTION = YES;
				GCC_WARN_UNUSED_VARIABLE = YES;
				IPHONEOS_DEPLOYMENT_TARGET = 10.1;
				MTL_ENABLE_DEBUG_INFO = YES;
				ONLY_ACTIVE_ARCH = YES;
				SDKROOT = iphoneos;
				SWIFT_ACTIVE_COMPILATION_CONDITIONS = DEBUG;
				SWIFT_OPTIMIZATION_LEVEL = "-Onone";
				TARGETED_DEVICE_FAMILY = "1,2";
			};
			name = Debug;
		};
		04ACA85E1DF065280082E70A /* Release */ = {
			isa = XCBuildConfiguration;
			buildSettings = {
				ALWAYS_SEARCH_USER_PATHS = NO;
				CLANG_ANALYZER_NONNULL = YES;
				CLANG_CXX_LANGUAGE_STANDARD = "gnu++0x";
				CLANG_CXX_LIBRARY = "libc++";
				CLANG_ENABLE_MODULES = YES;
				CLANG_ENABLE_OBJC_ARC = YES;
				CLANG_WARN_BOOL_CONVERSION = YES;
				CLANG_WARN_CONSTANT_CONVERSION = YES;
				CLANG_WARN_DIRECT_OBJC_ISA_USAGE = YES_ERROR;
				CLANG_WARN_DOCUMENTATION_COMMENTS = YES;
				CLANG_WARN_EMPTY_BODY = YES;
				CLANG_WARN_ENUM_CONVERSION = YES;
				CLANG_WARN_INFINITE_RECURSION = YES;
				CLANG_WARN_INT_CONVERSION = YES;
				CLANG_WARN_OBJC_ROOT_CLASS = YES_ERROR;
				CLANG_WARN_SUSPICIOUS_MOVES = YES;
				CLANG_WARN_UNREACHABLE_CODE = YES;
				CLANG_WARN__DUPLICATE_METHOD_MATCH = YES;
				"CODE_SIGN_IDENTITY[sdk=iphoneos*]" = "iPhone Developer";
				COPY_PHASE_STRIP = NO;
				DEBUG_INFORMATION_FORMAT = "dwarf-with-dsym";
				ENABLE_NS_ASSERTIONS = NO;
				ENABLE_STRICT_OBJC_MSGSEND = YES;
				GCC_C_LANGUAGE_STANDARD = gnu99;
				GCC_NO_COMMON_BLOCKS = YES;
				GCC_WARN_64_TO_32_BIT_CONVERSION = YES;
				GCC_WARN_ABOUT_RETURN_TYPE = YES_ERROR;
				GCC_WARN_UNDECLARED_SELECTOR = YES;
				GCC_WARN_UNINITIALIZED_AUTOS = YES_AGGRESSIVE;
				GCC_WARN_UNUSED_FUNCTION = YES;
				GCC_WARN_UNUSED_VARIABLE = YES;
				IPHONEOS_DEPLOYMENT_TARGET = 10.1;
				MTL_ENABLE_DEBUG_INFO = NO;
				SDKROOT = iphoneos;
				SWIFT_OPTIMIZATION_LEVEL = "-Owholemodule";
				TARGETED_DEVICE_FAMILY = "1,2";
				VALIDATE_PRODUCT = YES;
			};
			name = Release;
		};
		04ACA8601DF065280082E70A /* Debug */ = {
			isa = XCBuildConfiguration;
			buildSettings = {
				ASSETCATALOG_COMPILER_APPICON_NAME = AppIcon;
				DEVELOPMENT_TEAM = 22S9Z5CYHR;
				INFOPLIST_FILE = HRSysIOSApp/Info.plist;
				LD_RUNPATH_SEARCH_PATHS = "$(inherited) @executable_path/Frameworks";
				PRODUCT_BUNDLE_IDENTIFIER = com.hosung.HRSysIOSApp;
				PRODUCT_NAME = "$(TARGET_NAME)";
				SWIFT_VERSION = 3.0;
			};
			name = Debug;
		};
		04ACA8611DF065280082E70A /* Release */ = {
			isa = XCBuildConfiguration;
			buildSettings = {
				ASSETCATALOG_COMPILER_APPICON_NAME = AppIcon;
				DEVELOPMENT_TEAM = 22S9Z5CYHR;
				INFOPLIST_FILE = HRSysIOSApp/Info.plist;
				LD_RUNPATH_SEARCH_PATHS = "$(inherited) @executable_path/Frameworks";
				PRODUCT_BUNDLE_IDENTIFIER = com.hosung.HRSysIOSApp;
				PRODUCT_NAME = "$(TARGET_NAME)";
				SWIFT_VERSION = 3.0;
			};
			name = Release;
		};
/* End XCBuildConfiguration section */

/* Begin XCConfigurationList section */
		04ACA8481DF065280082E70A /* Build configuration list for PBXProject "HRSysIOSApp" */ = {
			isa = XCConfigurationList;
			buildConfigurations = (
				04ACA85D1DF065280082E70A /* Debug */,
				04ACA85E1DF065280082E70A /* Release */,
			);
			defaultConfigurationIsVisible = 0;
			defaultConfigurationName = Release;
		};
		04ACA85F1DF065280082E70A /* Build configuration list for PBXNativeTarget "HRSysIOSApp" */ = {
			isa = XCConfigurationList;
			buildConfigurations = (
				04ACA8601DF065280082E70A /* Debug */,
				04ACA8611DF065280082E70A /* Release */,
			);
			defaultConfigurationIsVisible = 0;
			defaultConfigurationName = Release;
		};
/* End XCConfigurationList section */
	};
	rootObject = 04ACA8451DF065280082E70A /* Project object */;
}
